// !$*UTF8*$!
{
	archiveVersion = 1;
	classes = {
	};
	objectVersion = 50;
	objects = {

/* Begin PBXBuildFile section */
		7E3F966C2253E2B700355577 /* AppDelegate.swift in Sources */ = {isa = PBXBuildFile; fileRef = 7E3F966B2253E2B700355577 /* AppDelegate.swift */; };
		7E3F966E2253E2B700355577 /* ViewController.swift in Sources */ = {isa = PBXBuildFile; fileRef = 7E3F966D2253E2B700355577 /* ViewController.swift */; };
		7E3F96712253E2B700355577 /* Main.storyboard in Resources */ = {isa = PBXBuildFile; fileRef = 7E3F966F2253E2B700355577 /* Main.storyboard */; };
		7E3F96732253E2B700355577 /* Assets.xcassets in Resources */ = {isa = PBXBuildFile; fileRef = 7E3F96722253E2B700355577 /* Assets.xcassets */; };
		7E3F96762253E2B700355577 /* LaunchScreen.storyboard in Resources */ = {isa = PBXBuildFile; fileRef = 7E3F96742253E2B700355577 /* LaunchScreen.storyboard */; };
		7E3F96812253E2B700355577 /* Meme_MagicTests.swift in Sources */ = {isa = PBXBuildFile; fileRef = 7E3F96802253E2B700355577 /* Meme_MagicTests.swift */; };
		7E3F968C2253E2B800355577 /* Meme_MagicUITests.swift in Sources */ = {isa = PBXBuildFile; fileRef = 7E3F968B2253E2B800355577 /* Meme_MagicUITests.swift */; };
/* End PBXBuildFile section */

/* Begin PBXContainerItemProxy section */
		7E3F967D2253E2B700355577 /* PBXContainerItemProxy */ = {
			isa = PBXContainerItemProxy;
			containerPortal = 7E3F96602253E2B700355577 /* Project object */;
			proxyType = 1;
			remoteGlobalIDString = 7E3F96672253E2B700355577;
			remoteInfo = "Meme Magic";
		};
		7E3F96882253E2B800355577 /* PBXContainerItemProxy */ = {
			isa = PBXContainerItemProxy;
			containerPortal = 7E3F96602253E2B700355577 /* Project object */;
			proxyType = 1;
			remoteGlobalIDString = 7E3F96672253E2B700355577;
			remoteInfo = "Meme Magic";
		};
/* End PBXContainerItemProxy section */

/* Begin PBXFileReference section */
		7E3F96682253E2B700355577 /* Meme Magic.app */ = {isa = PBXFileReference; explicitFileType = wrapper.application; includeInIndex = 0; path = "Meme Magic.app"; sourceTree = BUILT_PRODUCTS_DIR; };
		7E3F966B2253E2B700355577 /* AppDelegate.swift */ = {isa = PBXFileReference; lastKnownFileType = sourcecode.swift; path = AppDelegate.swift; sourceTree = "<group>"; };
		7E3F966D2253E2B700355577 /* ViewController.swift */ = {isa = PBXFileReference; lastKnownFileType = sourcecode.swift; path = ViewController.swift; sourceTree = "<group>"; };
		7E3F96702253E2B700355577 /* Base */ = {isa = PBXFileReference; lastKnownFileType = file.storyboard; name = Base; path = Base.lproj/Main.storyboard; sourceTree = "<group>"; };
		7E3F96722253E2B700355577 /* Assets.xcassets */ = {isa = PBXFileReference; lastKnownFileType = folder.assetcatalog; path = Assets.xcassets; sourceTree = "<group>"; };
		7E3F96752253E2B700355577 /* Base */ = {isa = PBXFileReference; lastKnownFileType = file.storyboard; name = Base; path = Base.lproj/LaunchScreen.storyboard; sourceTree = "<group>"; };
		7E3F96772253E2B700355577 /* Info.plist */ = {isa = PBXFileReference; lastKnownFileType = text.plist.xml; path = Info.plist; sourceTree = "<group>"; };
		7E3F967C2253E2B700355577 /* Meme MagicTests.xctest */ = {isa = PBXFileReference; explicitFileType = wrapper.cfbundle; includeInIndex = 0; path = "Meme MagicTests.xctest"; sourceTree = BUILT_PRODUCTS_DIR; };
		7E3F96802253E2B700355577 /* Meme_MagicTests.swift */ = {isa = PBXFileReference; lastKnownFileType = sourcecode.swift; path = Meme_MagicTests.swift; sourceTree = "<group>"; };
		7E3F96822253E2B700355577 /* Info.plist */ = {isa = PBXFileReference; lastKnownFileType = text.plist.xml; path = Info.plist; sourceTree = "<group>"; };
		7E3F96872253E2B800355577 /* Meme MagicUITests.xctest */ = {isa = PBXFileReference; explicitFileType = wrapper.cfbundle; includeInIndex = 0; path = "Meme MagicUITests.xctest"; sourceTree = BUILT_PRODUCTS_DIR; };
		7E3F968B2253E2B800355577 /* Meme_MagicUITests.swift */ = {isa = PBXFileReference; lastKnownFileType = sourcecode.swift; path = Meme_MagicUITests.swift; sourceTree = "<group>"; };
		7E3F968D2253E2B800355577 /* Info.plist */ = {isa = PBXFileReference; lastKnownFileType = text.plist.xml; path = Info.plist; sourceTree = "<group>"; };
/* End PBXFileReference section */

/* Begin PBXFrameworksBuildPhase section */
		7E3F96652253E2B700355577 /* Frameworks */ = {
			isa = PBXFrameworksBuildPhase;
			buildActionMask = 2147483647;
			files = (
			);
			runOnlyForDeploymentPostprocessing = 0;
		};
		7E3F96792253E2B700355577 /* Frameworks */ = {
			isa = PBXFrameworksBuildPhase;
			buildActionMask = 2147483647;
			files = (
			);
			runOnlyForDeploymentPostprocessing = 0;
		};
		7E3F96842253E2B800355577 /* Frameworks */ = {
			isa = PBXFrameworksBuildPhase;
			buildActionMask = 2147483647;
			files = (
			);
			runOnlyForDeploymentPostprocessing = 0;
		};
/* End PBXFrameworksBuildPhase section */

/* Begin PBXGroup section */
		7E3F965F2253E2B700355577 = {
			isa = PBXGroup;
			children = (
				7E3F966A2253E2B700355577 /* Meme Magic */,
				7E3F967F2253E2B700355577 /* Meme MagicTests */,
				7E3F968A2253E2B800355577 /* Meme MagicUITests */,
				7E3F96692253E2B700355577 /* Products */,
			);
			sourceTree = "<group>";
		};
		7E3F96692253E2B700355577 /* Products */ = {
			isa = PBXGroup;
			children = (
				7E3F96682253E2B700355577 /* Meme Magic.app */,
				7E3F967C2253E2B700355577 /* Meme MagicTests.xctest */,
				7E3F96872253E2B800355577 /* Meme MagicUITests.xctest */,
			);
			name = Products;
			sourceTree = "<group>";
		};
		7E3F966A2253E2B700355577 /* Meme Magic */ = {
			isa = PBXGroup;
			children = (
				7E3F966B2253E2B700355577 /* AppDelegate.swift */,
				7E3F966D2253E2B700355577 /* ViewController.swift */,
				7E3F966F2253E2B700355577 /* Main.storyboard */,
				7E3F96722253E2B700355577 /* Assets.xcassets */,
				7E3F96742253E2B700355577 /* LaunchScreen.storyboard */,
				7E3F96772253E2B700355577 /* Info.plist */,
			);
			path = "Meme Magic";
			sourceTree = "<group>";
		};
		7E3F967F2253E2B700355577 /* Meme MagicTests */ = {
			isa = PBXGroup;
			children = (
				7E3F96802253E2B700355577 /* Meme_MagicTests.swift */,
				7E3F96822253E2B700355577 /* Info.plist */,
			);
			path = "Meme MagicTests";
			sourceTree = "<group>";
		};
		7E3F968A2253E2B800355577 /* Meme MagicUITests */ = {
			isa = PBXGroup;
			children = (
				7E3F968B2253E2B800355577 /* Meme_MagicUITests.swift */,
				7E3F968D2253E2B800355577 /* Info.plist */,
			);
			path = "Meme MagicUITests";
			sourceTree = "<group>";
		};
/* End PBXGroup section */

/* Begin PBXNativeTarget section */
		7E3F96672253E2B700355577 /* Meme Magic */ = {
			isa = PBXNativeTarget;
			buildConfigurationList = 7E3F96902253E2B800355577 /* Build configuration list for PBXNativeTarget "Meme Magic" */;
			buildPhases = (
				7E3F96642253E2B700355577 /* Sources */,
				7E3F96652253E2B700355577 /* Frameworks */,
				7E3F96662253E2B700355577 /* Resources */,
			);
			buildRules = (
			);
			dependencies = (
			);
			name = "Meme Magic";
			productName = "Meme Magic";
			productReference = 7E3F96682253E2B700355577 /* Meme Magic.app */;
			productType = "com.apple.product-type.application";
		};
		7E3F967B2253E2B700355577 /* Meme MagicTests */ = {
			isa = PBXNativeTarget;
			buildConfigurationList = 7E3F96932253E2B800355577 /* Build configuration list for PBXNativeTarget "Meme MagicTests" */;
			buildPhases = (
				7E3F96782253E2B700355577 /* Sources */,
				7E3F96792253E2B700355577 /* Frameworks */,
				7E3F967A2253E2B700355577 /* Resources */,
			);
			buildRules = (
			);
			dependencies = (
				7E3F967E2253E2B700355577 /* PBXTargetDependency */,
			);
			name = "Meme MagicTests";
			productName = "Meme MagicTests";
			productReference = 7E3F967C2253E2B700355577 /* Meme MagicTests.xctest */;
			productType = "com.apple.product-type.bundle.unit-test";
		};
		7E3F96862253E2B800355577 /* Meme MagicUITests */ = {
			isa = PBXNativeTarget;
			buildConfigurationList = 7E3F96962253E2B800355577 /* Build configuration list for PBXNativeTarget "Meme MagicUITests" */;
			buildPhases = (
				7E3F96832253E2B800355577 /* Sources */,
				7E3F96842253E2B800355577 /* Frameworks */,
				7E3F96852253E2B800355577 /* Resources */,
			);
			buildRules = (
			);
			dependencies = (
				7E3F96892253E2B800355577 /* PBXTargetDependency */,
			);
			name = "Meme MagicUITests";
			productName = "Meme MagicUITests";
			productReference = 7E3F96872253E2B800355577 /* Meme MagicUITests.xctest */;
			productType = "com.apple.product-type.bundle.ui-testing";
		};
/* End PBXNativeTarget section */

/* Begin PBXProject section */
		7E3F96602253E2B700355577 /* Project object */ = {
			isa = PBXProject;
			attributes = {
				LastSwiftUpdateCheck = 1010;
				LastUpgradeCheck = 1010;
				ORGANIZATIONNAME = "Cameron Krischel";
				TargetAttributes = {
					7E3F96672253E2B700355577 = {
						CreatedOnToolsVersion = 10.1;
					};
					7E3F967B2253E2B700355577 = {
						CreatedOnToolsVersion = 10.1;
						TestTargetID = 7E3F96672253E2B700355577;
					};
					7E3F96862253E2B800355577 = {
						CreatedOnToolsVersion = 10.1;
						TestTargetID = 7E3F96672253E2B700355577;
					};
				};
			};
			buildConfigurationList = 7E3F96632253E2B700355577 /* Build configuration list for PBXProject "Meme Magic" */;
			compatibilityVersion = "Xcode 9.3";
			developmentRegion = en;
			hasScannedForEncodings = 0;
			knownRegions = (
				en,
				Base,
			);
			mainGroup = 7E3F965F2253E2B700355577;
			productRefGroup = 7E3F96692253E2B700355577 /* Products */;
			projectDirPath = "";
			projectRoot = "";
			targets = (
				7E3F96672253E2B700355577 /* Meme Magic */,
				7E3F967B2253E2B700355577 /* Meme MagicTests */,
				7E3F96862253E2B800355577 /* Meme MagicUITests */,
			);
		};
/* End PBXProject section */

/* Begin PBXResourcesBuildPhase section */
		7E3F96662253E2B700355577 /* Resources */ = {
			isa = PBXResourcesBuildPhase;
			buildActionMask = 2147483647;
			files = (
				7E3F96762253E2B700355577 /* LaunchScreen.storyboard in Resources */,
				7E3F96732253E2B700355577 /* Assets.xcassets in Resources */,
				7E3F96712253E2B700355577 /* Main.storyboard in Resources */,
			);
			runOnlyForDeploymentPostprocessing = 0;
		};
		7E3F967A2253E2B700355577 /* Resources */ = {
			isa = PBXResourcesBuildPhase;
			buildActionMask = 2147483647;
			files = (
			);
			runOnlyForDeploymentPostprocessing = 0;
		};
		7E3F96852253E2B800355577 /* Resources */ = {
			isa = PBXResourcesBuildPhase;
			buildActionMask = 2147483647;
			files = (
			);
			runOnlyForDeploymentPostprocessing = 0;
		};
/* End PBXResourcesBuildPhase section */

/* Begin PBXSourcesBuildPhase section */
		7E3F96642253E2B700355577 /* Sources */ = {
			isa = PBXSourcesBuildPhase;
			buildActionMask = 2147483647;
			files = (
				7E3F966E2253E2B700355577 /* ViewController.swift in Sources */,
				7E3F966C2253E2B700355577 /* AppDelegate.swift in Sources */,
			);
			runOnlyForDeploymentPostprocessing = 0;
		};
		7E3F96782253E2B700355577 /* Sources */ = {
			isa = PBXSourcesBuildPhase;
			buildActionMask = 2147483647;
			files = (
				7E3F96812253E2B700355577 /* Meme_MagicTests.swift in Sources */,
			);
			runOnlyForDeploymentPostprocessing = 0;
		};
		7E3F96832253E2B800355577 /* Sources */ = {
			isa = PBXSourcesBuildPhase;
			buildActionMask = 2147483647;
			files = (
				7E3F968C2253E2B800355577 /* Meme_MagicUITests.swift in Sources */,
			);
			runOnlyForDeploymentPostprocessing = 0;
		};
/* End PBXSourcesBuildPhase section */

/* Begin PBXTargetDependency section */
		7E3F967E2253E2B700355577 /* PBXTargetDependency */ = {
			isa = PBXTargetDependency;
			target = 7E3F96672253E2B700355577 /* Meme Magic */;
			targetProxy = 7E3F967D2253E2B700355577 /* PBXContainerItemProxy */;
		};
		7E3F96892253E2B800355577 /* PBXTargetDependency */ = {
			isa = PBXTargetDependency;
			target = 7E3F96672253E2B700355577 /* Meme Magic */;
			targetProxy = 7E3F96882253E2B800355577 /* PBXContainerItemProxy */;
		};
/* End PBXTargetDependency section */

/* Begin PBXVariantGroup section */
		7E3F966F2253E2B700355577 /* Main.storyboard */ = {
			isa = PBXVariantGroup;
			children = (
				7E3F96702253E2B700355577 /* Base */,
			);
			name = Main.storyboard;
			sourceTree = "<group>";
		};
		7E3F96742253E2B700355577 /* LaunchScreen.storyboard */ = {
			isa = PBXVariantGroup;
			children = (
				7E3F96752253E2B700355577 /* Base */,
			);
			name = LaunchScreen.storyboard;
			sourceTree = "<group>";
		};
/* End PBXVariantGroup section */

/* Begin XCBuildConfiguration section */
		7E3F968E2253E2B800355577 /* Debug */ = {
			isa = XCBuildConfiguration;
			buildSettings = {
				ALWAYS_SEARCH_USER_PATHS = NO;
				CLANG_ANALYZER_NONNULL = YES;
				CLANG_ANALYZER_NUMBER_OBJECT_CONVERSION = YES_AGGRESSIVE;
				CLANG_CXX_LANGUAGE_STANDARD = "gnu++14";
				CLANG_CXX_LIBRARY = "libc++";
				CLANG_ENABLE_MODULES = YES;
				CLANG_ENABLE_OBJC_ARC = YES;
				CLANG_ENABLE_OBJC_WEAK = YES;
				CLANG_WARN_BLOCK_CAPTURE_AUTORELEASING = YES;
				CLANG_WARN_BOOL_CONVERSION = YES;
				CLANG_WARN_COMMA = YES;
				CLANG_WARN_CONSTANT_CONVERSION = YES;
				CLANG_WARN_DEPRECATED_OBJC_IMPLEMENTATIONS = YES;
				CLANG_WARN_DIRECT_OBJC_ISA_USAGE = YES_ERROR;
				CLANG_WARN_DOCUMENTATION_COMMENTS = YES;
				CLANG_WARN_EMPTY_BODY = YES;
				CLANG_WARN_ENUM_CONVERSION = YES;
				CLANG_WARN_INFINITE_RECURSION = YES;
				CLANG_WARN_INT_CONVERSION = YES;
				CLANG_WARN_NON_LITERAL_NULL_CONVERSION = YES;
				CLANG_WARN_OBJC_IMPLICIT_RETAIN_SELF = YES;
				CLANG_WARN_OBJC_LITERAL_CONVERSION = YES;
				CLANG_WARN_OBJC_ROOT_CLASS = YES_ERROR;
				CLANG_WARN_RANGE_LOOP_ANALYSIS = YES;
				CLANG_WARN_STRICT_PROTOTYPES = YES;
				CLANG_WARN_SUSPICIOUS_MOVE = YES;
				CLANG_WARN_UNGUARDED_AVAILABILITY = YES_AGGRESSIVE;
				CLANG_WARN_UNREACHABLE_CODE = YES;
				CLANG_WARN__DUPLICATE_METHOD_MATCH = YES;
				CODE_SIGN_IDENTITY = "iPhone Developer";
				COPY_PHASE_STRIP = NO;
				DEBUG_INFORMATION_FORMAT = dwarf;
				ENABLE_STRICT_OBJC_MSGSEND = YES;
				ENABLE_TESTABILITY = YES;
				GCC_C_LANGUAGE_STANDARD = gnu11;
				GCC_DYNAMIC_NO_PIC = NO;
				GCC_NO_COMMON_BLOCKS = YES;
				GCC_OPTIMIZATION_LEVEL = 0;
				GCC_PREPROCESSOR_DEFINITIONS = (
					"DEBUG=1",
					"$(inherited)",
				);
				GCC_WARN_64_TO_32_BIT_CONVERSION = YES;
				GCC_WARN_ABOUT_RETURN_TYPE = YES_ERROR;
				GCC_WARN_UNDECLARED_SELECTOR = YES;
				GCC_WARN_UNINITIALIZED_AUTOS = YES_AGGRESSIVE;
				GCC_WARN_UNUSED_FUNCTION = YES;
				GCC_WARN_UNUSED_VARIABLE = YES;
				IPHONEOS_DEPLOYMENT_TARGET = 12.1;
				MTL_ENABLE_DEBUG_INFO = INCLUDE_SOURCE;
				MTL_FAST_MATH = YES;
				ONLY_ACTIVE_ARCH = YES;
				SDKROOT = iphoneos;
				SWIFT_ACTIVE_COMPILATION_CONDITIONS = DEBUG;
				SWIFT_OPTIMIZATION_LEVEL = "-Onone";
			};
			name = Debug;
		};
		7E3F968F2253E2B800355577 /* Release */ = {
			isa = XCBuildConfiguration;
			buildSettings = {
				ALWAYS_SEARCH_USER_PATHS = NO;
				CLANG_ANALYZER_NONNULL = YES;
				CLANG_ANALYZER_NUMBER_OBJECT_CONVERSION = YES_AGGRESSIVE;
				CLANG_CXX_LANGUAGE_STANDARD = "gnu++14";
				CLANG_CXX_LIBRARY = "libc++";
				CLANG_ENABLE_MODULES = YES;
				CLANG_ENABLE_OBJC_ARC = YES;
				CLANG_ENABLE_OBJC_WEAK = YES;
				CLANG_WARN_BLOCK_CAPTURE_AUTORELEASING = YES;
				CLANG_WARN_BOOL_CONVERSION = YES;
				CLANG_WARN_COMMA = YES;
				CLANG_WARN_CONSTANT_CONVERSION = YES;
				CLANG_WARN_DEPRECATED_OBJC_IMPLEMENTATIONS = YES;
				CLANG_WARN_DIRECT_OBJC_ISA_USAGE = YES_ERROR;
				CLANG_WARN_DOCUMENTATION_COMMENTS = YES;
				CLANG_WARN_EMPTY_BODY = YES;
				CLANG_WARN_ENUM_CONVERSION = YES;
				CLANG_WARN_INFINITE_RECURSION = YES;
				CLANG_WARN_INT_CONVERSION = YES;
				CLANG_WARN_NON_LITERAL_NULL_CONVERSION = YES;
				CLANG_WARN_OBJC_IMPLICIT_RETAIN_SELF = YES;
				CLANG_WARN_OBJC_LITERAL_CONVERSION = YES;
				CLANG_WARN_OBJC_ROOT_CLASS = YES_ERROR;
				CLANG_WARN_RANGE_LOOP_ANALYSIS = YES;
				CLANG_WARN_STRICT_PROTOTYPES = YES;
				CLANG_WARN_SUSPICIOUS_MOVE = YES;
				CLANG_WARN_UNGUARDED_AVAILABILITY = YES_AGGRESSIVE;
				CLANG_WARN_UNREACHABLE_CODE = YES;
				CLANG_WARN__DUPLICATE_METHOD_MATCH = YES;
				CODE_SIGN_IDENTITY = "iPhone Developer";
				COPY_PHASE_STRIP = NO;
				DEBUG_INFORMATION_FORMAT = "dwarf-with-dsym";
				ENABLE_NS_ASSERTIONS = NO;
				ENABLE_STRICT_OBJC_MSGSEND = YES;
				GCC_C_LANGUAGE_STANDARD = gnu11;
				GCC_NO_COMMON_BLOCKS = YES;
				GCC_WARN_64_TO_32_BIT_CONVERSION = YES;
				GCC_WARN_ABOUT_RETURN_TYPE = YES_ERROR;
				GCC_WARN_UNDECLARED_SELECTOR = YES;
				GCC_WARN_UNINITIALIZED_AUTOS = YES_AGGRESSIVE;
				GCC_WARN_UNUSED_FUNCTION = YES;
				GCC_WARN_UNUSED_VARIABLE = YES;
				IPHONEOS_DEPLOYMENT_TARGET = 12.1;
				MTL_ENABLE_DEBUG_INFO = NO;
				MTL_FAST_MATH = YES;
				SDKROOT = iphoneos;
				SWIFT_COMPILATION_MODE = wholemodule;
				SWIFT_OPTIMIZATION_LEVEL = "-O";
				VALIDATE_PRODUCT = YES;
			};
			name = Release;
		};
		7E3F96912253E2B800355577 /* Debug */ = {
			isa = XCBuildConfiguration;
			buildSettings = {
				ASSETCATALOG_COMPILER_APPICON_NAME = AppIcon;
				CODE_SIGN_STYLE = Automatic;
				DEVELOPMENT_TEAM = DCPZJTLLA6;
				INFOPLIST_FILE = "Meme Magic/Info.plist";
				LD_RUNPATH_SEARCH_PATHS = (
					"$(inherited)",
					"@executable_path/Frameworks",
				);
				PRODUCT_BUNDLE_IDENTIFIER = "com.Krischel.Meme-Magic";
				PRODUCT_NAME = "$(TARGET_NAME)";
				SWIFT_VERSION = 4.2;
				TARGETED_DEVICE_FAMILY = "1,2";
			};
			name = Debug;
		};
		7E3F96922253E2B800355577 /* Release */ = {
			isa = XCBuildConfiguration;
			buildSettings = {
				ASSETCATALOG_COMPILER_APPICON_NAME = AppIcon;
				CODE_SIGN_STYLE = Automatic;
				DEVELOPMENT_TEAM = DCPZJTLLA6;
				INFOPLIST_FILE = "Meme Magic/Info.plist";
				LD_RUNPATH_SEARCH_PATHS = (
					"$(inherited)",
					"@executable_path/Frameworks",
				);
				PRODUCT_BUNDLE_IDENTIFIER = "com.Krischel.Meme-Magic";
				PRODUCT_NAME = "$(TARGET_NAME)";
				SWIFT_VERSION = 4.2;
				TARGETED_DEVICE_FAMILY = "1,2";
			};
			name = Release;
		};
		7E3F96942253E2B800355577 /* Debug */ = {
			isa = XCBuildConfiguration;
			buildSettings = {
				ALWAYS_EMBED_SWIFT_STANDARD_LIBRARIES = YES;
				BUNDLE_LOADER = "$(TEST_HOST)";
				CODE_SIGN_STYLE = Automatic;
				DEVELOPMENT_TEAM = DCPZJTLLA6;
				INFOPLIST_FILE = "Meme MagicTests/Info.plist";
				LD_RUNPATH_SEARCH_PATHS = (
					"$(inherited)",
					"@executable_path/Frameworks",
					"@loader_path/Frameworks",
				);
				PRODUCT_BUNDLE_IDENTIFIER = "com.Krischel.Meme-MagicTests";
				PRODUCT_NAME = "$(TARGET_NAME)";
				SWIFT_VERSION = 4.2;
				TARGETED_DEVICE_FAMILY = "1,2";
				TEST_HOST = "$(BUILT_PRODUCTS_DIR)/Meme Magic.app/Meme Magic";
			};
			name = Debug;
		};
		7E3F96952253E2B800355577 /* Release */ = {
			isa = XCBuildConfiguration;
			buildSettings = {
				ALWAYS_EMBED_SWIFT_STANDARD_LIBRARIES = YES;
				BUNDLE_LOADER = "$(TEST_HOST)";
				CODE_SIGN_STYLE = Automatic;
				DEVELOPMENT_TEAM = DCPZJTLLA6;
				INFOPLIST_FILE = "Meme MagicTests/Info.plist";
				LD_RUNPATH_SEARCH_PATHS = (
					"$(inherited)",
					"@executable_path/Frameworks",
					"@loader_path/Frameworks",
				);
				PRODUCT_BUNDLE_IDENTIFIER = "com.Krischel.Meme-MagicTests";
				PRODUCT_NAME = "$(TARGET_NAME)";
				SWIFT_VERSION = 4.2;
				TARGETED_DEVICE_FAMILY = "1,2";
				TEST_HOST = "$(BUILT_PRODUCTS_DIR)/Meme Magic.app/Meme Magic";
			};
			name = Release;
		};
		7E3F96972253E2B800355577 /* Debug */ = {
			isa = XCBuildConfiguration;
			buildSettings = {
				ALWAYS_EMBED_SWIFT_STANDARD_LIBRARIES = YES;
				CODE_SIGN_STYLE = Automatic;
				DEVELOPMENT_TEAM = DCPZJTLLA6;
				INFOPLIST_FILE = "Meme MagicUITests/Info.plist";
				LD_RUNPATH_SEARCH_PATHS = (
					"$(inherited)",
					"@executable_path/Frameworks",
					"@loader_path/Frameworks",
				);
				PRODUCT_BUNDLE_IDENTIFIER = "com.Krischel.Meme-MagicUITests";
				PRODUCT_NAME = "$(TARGET_NAME)";
				SWIFT_VERSION = 4.2;
				TARGETED_DEVICE_FAMILY = "1,2";
				TEST_TARGET_NAME = "Meme Magic";
			};
			name = Debug;
		};
		7E3F96982253E2B800355577 /* Release */ = {
			isa = XCBuildConfiguration;
			buildSettings = {
				ALWAYS_EMBED_SWIFT_STANDARD_LIBRARIES = YES;
				CODE_SIGN_STYLE = Automatic;
				DEVELOPMENT_TEAM = DCPZJTLLA6;
				INFOPLIST_FILE = "Meme MagicUITests/Info.plist";
				LD_RUNPATH_SEARCH_PATHS = (
					"$(inherited)",
					"@executable_path/Frameworks",
					"@loader_path/Frameworks",
				);
				PRODUCT_BUNDLE_IDENTIFIER = "com.Krischel.Meme-MagicUITests";
				PRODUCT_NAME = "$(TARGET_NAME)";
				SWIFT_VERSION = 4.2;
				TARGETED_DEVICE_FAMILY = "1,2";
				TEST_TARGET_NAME = "Meme Magic";
			};
			name = Release;
		};
/* End XCBuildConfiguration section */

/* Begin XCConfigurationList section */
		7E3F96632253E2B700355577 /* Build configuration list for PBXProject "Meme Magic" */ = {
			isa = XCConfigurationList;
			buildConfigurations = (
				7E3F968E2253E2B800355577 /* Debug */,
				7E3F968F2253E2B800355577 /* Release */,
			);
			defaultConfigurationIsVisible = 0;
			defaultConfigurationName = Release;
		};
		7E3F96902253E2B800355577 /* Build configuration list for PBXNativeTarget "Meme Magic" */ = {
			isa = XCConfigurationList;
			buildConfigurations = (
				7E3F96912253E2B800355577 /* Debug */,
				7E3F96922253E2B800355577 /* Release */,
			);
			defaultConfigurationIsVisible = 0;
			defaultConfigurationName = Release;
		};
		7E3F96932253E2B800355577 /* Build configuration list for PBXNativeTarget "Meme MagicTests" */ = {
			isa = XCConfigurationList;
			buildConfigurations = (
				7E3F96942253E2B800355577 /* Debug */,
				7E3F96952253E2B800355577 /* Release */,
			);
			defaultConfigurationIsVisible = 0;
			defaultConfigurationName = Release;
		};
		7E3F96962253E2B800355577 /* Build configuration list for PBXNativeTarget "Meme MagicUITests" */ = {
			isa = XCConfigurationList;
			buildConfigurations = (
				7E3F96972253E2B800355577 /* Debug */,
				7E3F96982253E2B800355577 /* Release */,
			);
			defaultConfigurationIsVisible = 0;
			defaultConfigurationName = Release;
		};
/* End XCConfigurationList section */
	};
	rootObject = 7E3F96602253E2B700355577 /* Project object */;
}
